<?xml version="1.0" encoding="UTF-8"?>
<CodeBlocks_project_file>
	<FileVersion major="1" minor="6"/>
	<Project>
		<Option title="cedar"/>
		<Option makefile_is_custom="1"/>
		<Option compiler="gcc"/>
		<Option virtualFolders="CMake Files\;CMake Files\cedar\;CMake Files\cedar\glfw\;CMake Files\cedar\glfw\src\;CMake Files\cedar\glfw\CMake\;"/>
		<Build>
			<Target title="all">
				<Option working_dir="/media/Daten/Dokumente/Projekte/TalesOfCatventure/cedar"/>
				<Option type="4"/>
				<MakeCommands>
					<Build command="/usr/bin/make -f &quot;/media/Daten/Dokumente/Projekte/TalesOfCatventure/cedar/Makefile&quot;  VERBOSE=1 all"/>
					<CompileFile command="/usr/bin/make -f &quot;/media/Daten/Dokumente/Projekte/TalesOfCatventure/cedar/Makefile&quot;  VERBOSE=1 &quot;$file&quot;"/>
					<Clean command="/usr/bin/make -f &quot;/media/Daten/Dokumente/Projekte/TalesOfCatventure/cedar/Makefile&quot;  VERBOSE=1 clean"/>
					<DistClean command="/usr/bin/make -f &quot;/media/Daten/Dokumente/Projekte/TalesOfCatventure/cedar/Makefile&quot;  VERBOSE=1 clean"/>
				</MakeCommands>
			</Target>
			<Target title="cedar">
				<Option output="/media/Daten/Dokumente/Projekte/TalesOfCatventure/cedar/libcedar.a" prefix_auto="0" extension_auto="0"/>
				<Option working_dir="/media/Daten/Dokumente/Projekte/TalesOfCatventure/cedar"/>
				<Option object_output="./"/>
				<Option type="2"/>
				<Option compiler="gcc"/>
				<Compiler>
					<Add directory="/media/Daten/Dokumente/Projekte/TalesOfCatventure/cedar/glad/include"/>
					<Add directory="/media/Daten/Dokumente/Projekte/TalesOfCatventure/cedar/include"/>
					<Add directory="/media/Daten/Dokumente/Projekte/TalesOfCatventure/cedar/freetype2/include"/>
					<Add directory="/media/Daten/Dokumente/Projekte/TalesOfCatventure/cedar/stb/include"/>
					<Add directory="/media/Daten/Dokumente/Projekte/TalesOfCatventure/cedar/glfw/include"/>
				</Compiler>
				<MakeCommands>
					<Build command="/usr/bin/make -f &quot;/media/Daten/Dokumente/Projekte/TalesOfCatventure/cedar/Makefile&quot;  VERBOSE=1 cedar"/>
					<CompileFile command="/usr/bin/make -f &quot;/media/Daten/Dokumente/Projekte/TalesOfCatventure/cedar/Makefile&quot;  VERBOSE=1 &quot;$file&quot;"/>
					<Clean command="/usr/bin/make -f &quot;/media/Daten/Dokumente/Projekte/TalesOfCatventure/cedar/Makefile&quot;  VERBOSE=1 clean"/>
					<DistClean command="/usr/bin/make -f &quot;/media/Daten/Dokumente/Projekte/TalesOfCatventure/cedar/Makefile&quot;  VERBOSE=1 clean"/>
				</MakeCommands>
			</Target>
			<Target title="cedar/fast">
				<Option output="/media/Daten/Dokumente/Projekte/TalesOfCatventure/cedar/libcedar.a" prefix_auto="0" extension_auto="0"/>
				<Option working_dir="/media/Daten/Dokumente/Projekte/TalesOfCatventure/cedar"/>
				<Option object_output="./"/>
				<Option type="2"/>
				<Option compiler="gcc"/>
				<Compiler>
					<Add directory="/media/Daten/Dokumente/Projekte/TalesOfCatventure/cedar/glad/include"/>
					<Add directory="/media/Daten/Dokumente/Projekte/TalesOfCatventure/cedar/include"/>
					<Add directory="/media/Daten/Dokumente/Projekte/TalesOfCatventure/cedar/freetype2/include"/>
					<Add directory="/media/Daten/Dokumente/Projekte/TalesOfCatventure/cedar/stb/include"/>
					<Add directory="/media/Daten/Dokumente/Projekte/TalesOfCatventure/cedar/glfw/include"/>
				</Compiler>
				<MakeCommands>
					<Build command="/usr/bin/make -f &quot;/media/Daten/Dokumente/Projekte/TalesOfCatventure/cedar/Makefile&quot;  VERBOSE=1 cedar/fast"/>
					<CompileFile command="/usr/bin/make -f &quot;/media/Daten/Dokumente/Projekte/TalesOfCatventure/cedar/Makefile&quot;  VERBOSE=1 &quot;$file&quot;"/>
					<Clean command="/usr/bin/make -f &quot;/media/Daten/Dokumente/Projekte/TalesOfCatventure/cedar/Makefile&quot;  VERBOSE=1 clean"/>
					<DistClean command="/usr/bin/make -f &quot;/media/Daten/Dokumente/Projekte/TalesOfCatventure/cedar/Makefile&quot;  VERBOSE=1 clean"/>
				</MakeCommands>
			</Target>
			<Target title="uninstall">
				<Option working_dir="/media/Daten/Dokumente/Projekte/TalesOfCatventure/cedar/glfw"/>
				<Option type="4"/>
				<MakeCommands>
					<Build command="/usr/bin/make -f &quot;/media/Daten/Dokumente/Projekte/TalesOfCatventure/cedar/glfw/Makefile&quot;  VERBOSE=1 uninstall"/>
					<CompileFile command="/usr/bin/make -f &quot;/media/Daten/Dokumente/Projekte/TalesOfCatventure/cedar/glfw/Makefile&quot;  VERBOSE=1 &quot;$file&quot;"/>
					<Clean command="/usr/bin/make -f &quot;/media/Daten/Dokumente/Projekte/TalesOfCatventure/cedar/glfw/Makefile&quot;  VERBOSE=1 clean"/>
					<DistClean command="/usr/bin/make -f &quot;/media/Daten/Dokumente/Projekte/TalesOfCatventure/cedar/glfw/Makefile&quot;  VERBOSE=1 clean"/>
				</MakeCommands>
			</Target>
			<Target title="glfw">
				<Option output="/media/Daten/Dokumente/Projekte/TalesOfCatventure/cedar/glfw/src/libglfw3.a" prefix_auto="0" extension_auto="0"/>
				<Option working_dir="/media/Daten/Dokumente/Projekte/TalesOfCatventure/cedar/glfw/src"/>
				<Option object_output="./"/>
				<Option type="2"/>
				<Option compiler="gcc"/>
				<Compiler>
					<Add option="-D_GLFW_USE_CONFIG_H"/>
					<Add directory="/media/Daten/Dokumente/Projekte/TalesOfCatventure/cedar/glfw/include"/>
					<Add directory="/media/Daten/Dokumente/Projekte/TalesOfCatventure/cedar/glfw/src"/>
				</Compiler>
				<MakeCommands>
					<Build command="/usr/bin/make -f &quot;/media/Daten/Dokumente/Projekte/TalesOfCatventure/cedar/glfw/src/Makefile&quot;  VERBOSE=1 glfw"/>
					<CompileFile command="/usr/bin/make -f &quot;/media/Daten/Dokumente/Projekte/TalesOfCatventure/cedar/glfw/src/Makefile&quot;  VERBOSE=1 &quot;$file&quot;"/>
					<Clean command="/usr/bin/make -f &quot;/media/Daten/Dokumente/Projekte/TalesOfCatventure/cedar/glfw/src/Makefile&quot;  VERBOSE=1 clean"/>
					<DistClean command="/usr/bin/make -f &quot;/media/Daten/Dokumente/Projekte/TalesOfCatventure/cedar/glfw/src/Makefile&quot;  VERBOSE=1 clean"/>
				</MakeCommands>
			</Target>
			<Target title="glfw/fast">
				<Option output="/media/Daten/Dokumente/Projekte/TalesOfCatventure/cedar/glfw/src/libglfw3.a" prefix_auto="0" extension_auto="0"/>
				<Option working_dir="/media/Daten/Dokumente/Projekte/TalesOfCatventure/cedar/glfw/src"/>
				<Option object_output="./"/>
				<Option type="2"/>
				<Option compiler="gcc"/>
				<Compiler>
					<Add option="-D_GLFW_USE_CONFIG_H"/>
					<Add directory="/media/Daten/Dokumente/Projekte/TalesOfCatventure/cedar/glfw/include"/>
					<Add directory="/media/Daten/Dokumente/Projekte/TalesOfCatventure/cedar/glfw/src"/>
				</Compiler>
				<MakeCommands>
					<Build command="/usr/bin/make -f &quot;/media/Daten/Dokumente/Projekte/TalesOfCatventure/cedar/glfw/src/Makefile&quot;  VERBOSE=1 glfw/fast"/>
					<CompileFile command="/usr/bin/make -f &quot;/media/Daten/Dokumente/Projekte/TalesOfCatventure/cedar/glfw/src/Makefile&quot;  VERBOSE=1 &quot;$file&quot;"/>
					<Clean command="/usr/bin/make -f &quot;/media/Daten/Dokumente/Projekte/TalesOfCatventure/cedar/glfw/src/Makefile&quot;  VERBOSE=1 clean"/>
					<DistClean command="/usr/bin/make -f &quot;/media/Daten/Dokumente/Projekte/TalesOfCatventure/cedar/glfw/src/Makefile&quot;  VERBOSE=1 clean"/>
				</MakeCommands>
			</Target>
		</Build>
		<Unit filename="/media/Daten/Dokumente/Projekte/TalesOfCatventure/cedar/glad/include/glad/glad.h">
			<Option target="cedar"/>
		</Unit>
		<Unit filename="/media/Daten/Dokumente/Projekte/TalesOfCatventure/cedar/glad/src/glad.c">
			<Option target="cedar"/>
		</Unit>
		<Unit filename="/media/Daten/Dokumente/Projekte/TalesOfCatventure/cedar/glfw/include/GLFW/glfw3.h">
			<Option target="glfw"/>
		</Unit>
		<Unit filename="/media/Daten/Dokumente/Projekte/TalesOfCatventure/cedar/glfw/include/GLFW/glfw3native.h">
			<Option target="glfw"/>
		</Unit>
		<Unit filename="/media/Daten/Dokumente/Projekte/TalesOfCatventure/cedar/glfw/src/context.c">
			<Option target="glfw"/>
		</Unit>
		<Unit filename="/media/Daten/Dokumente/Projekte/TalesOfCatventure/cedar/glfw/src/egl_context.c">
			<Option target="glfw"/>
		</Unit>
		<Unit filename="/media/Daten/Dokumente/Projekte/TalesOfCatventure/cedar/glfw/src/egl_context.h">
			<Option target="glfw"/>
		</Unit>
		<Unit filename="/media/Daten/Dokumente/Projekte/TalesOfCatventure/cedar/glfw/src/glfw_config.h">
			<Option target="glfw"/>
		</Unit>
		<Unit filename="/media/Daten/Dokumente/Projekte/TalesOfCatventure/cedar/glfw/src/glx_context.c">
			<Option target="glfw"/>
		</Unit>
		<Unit filename="/media/Daten/Dokumente/Projekte/TalesOfCatventure/cedar/glfw/src/glx_context.h">
			<Option target="glfw"/>
		</Unit>
		<Unit filename="/media/Daten/Dokumente/Projekte/TalesOfCatventure/cedar/glfw/src/init.c">
			<Option target="glfw"/>
		</Unit>
		<Unit filename="/media/Daten/Dokumente/Projekte/TalesOfCatventure/cedar/glfw/src/input.c">
			<Option target="glfw"/>
		</Unit>
		<Unit filename="/media/Daten/Dokumente/Projekte/TalesOfCatventure/cedar/glfw/src/internal.h">
			<Option target="glfw"/>
		</Unit>
		<Unit filename="/media/Daten/Dokumente/Projekte/TalesOfCatventure/cedar/glfw/src/linux_joystick.c">
			<Option target="glfw"/>
		</Unit>
		<Unit filename="/media/Daten/Dokumente/Projekte/TalesOfCatventure/cedar/glfw/src/linux_joystick.h">
			<Option target="glfw"/>
		</Unit>
		<Unit filename="/media/Daten/Dokumente/Projekte/TalesOfCatventure/cedar/glfw/src/mappings.h">
			<Option target="glfw"/>
		</Unit>
		<Unit filename="/media/Daten/Dokumente/Projekte/TalesOfCatventure/cedar/glfw/src/monitor.c">
			<Option target="glfw"/>
		</Unit>
		<Unit filename="/media/Daten/Dokumente/Projekte/TalesOfCatventure/cedar/glfw/src/osmesa_context.c">
			<Option target="glfw"/>
		</Unit>
		<Unit filename="/media/Daten/Dokumente/Projekte/TalesOfCatventure/cedar/glfw/src/osmesa_context.h">
			<Option target="glfw"/>
		</Unit>
		<Unit filename="/media/Daten/Dokumente/Projekte/TalesOfCatventure/cedar/glfw/src/posix_thread.c">
			<Option target="glfw"/>
		</Unit>
		<Unit filename="/media/Daten/Dokumente/Projekte/TalesOfCatventure/cedar/glfw/src/posix_thread.h">
			<Option target="glfw"/>
		</Unit>
		<Unit filename="/media/Daten/Dokumente/Projekte/TalesOfCatventure/cedar/glfw/src/posix_time.c">
			<Option target="glfw"/>
		</Unit>
		<Unit filename="/media/Daten/Dokumente/Projekte/TalesOfCatventure/cedar/glfw/src/posix_time.h">
			<Option target="glfw"/>
		</Unit>
		<Unit filename="/media/Daten/Dokumente/Projekte/TalesOfCatventure/cedar/glfw/src/vulkan.c">
			<Option target="glfw"/>
		</Unit>
		<Unit filename="/media/Daten/Dokumente/Projekte/TalesOfCatventure/cedar/glfw/src/window.c">
			<Option target="glfw"/>
		</Unit>
		<Unit filename="/media/Daten/Dokumente/Projekte/TalesOfCatventure/cedar/glfw/src/x11_init.c">
			<Option target="glfw"/>
		</Unit>
		<Unit filename="/media/Daten/Dokumente/Projekte/TalesOfCatventure/cedar/glfw/src/x11_monitor.c">
			<Option target="glfw"/>
		</Unit>
		<Unit filename="/media/Daten/Dokumente/Projekte/TalesOfCatventure/cedar/glfw/src/x11_platform.h">
			<Option target="glfw"/>
		</Unit>
		<Unit filename="/media/Daten/Dokumente/Projekte/TalesOfCatventure/cedar/glfw/src/x11_window.c">
			<Option target="glfw"/>
		</Unit>
		<Unit filename="/media/Daten/Dokumente/Projekte/TalesOfCatventure/cedar/glfw/src/xkb_unicode.c">
			<Option target="glfw"/>
		</Unit>
		<Unit filename="/media/Daten/Dokumente/Projekte/TalesOfCatventure/cedar/glfw/src/xkb_unicode.h">
			<Option target="glfw"/>
		</Unit>
		<Unit filename="/media/Daten/Dokumente/Projekte/TalesOfCatventure/cedar/include/cedar/Cedar.h">
			<Option target="cedar"/>
		</Unit>
		<Unit filename="/media/Daten/Dokumente/Projekte/TalesOfCatventure/cedar/include/cedar/Font.h">
			<Option target="cedar"/>
		</Unit>
		<Unit filename="/media/Daten/Dokumente/Projekte/TalesOfCatventure/cedar/include/cedar/FontRegistry.h">
			<Option target="cedar"/>
		</Unit>
		<Unit filename="/media/Daten/Dokumente/Projekte/TalesOfCatventure/cedar/include/cedar/GLConstants.h">
			<Option target="cedar"/>
		</Unit>
		<Unit filename="/media/Daten/Dokumente/Projekte/TalesOfCatventure/cedar/include/cedar/Glyph.h">
			<Option target="cedar"/>
		</Unit>
		<Unit filename="/media/Daten/Dokumente/Projekte/TalesOfCatventure/cedar/include/cedar/GlyphData.h">
			<Option target="cedar"/>
		</Unit>
		<Unit filename="/media/Daten/Dokumente/Projekte/TalesOfCatventure/cedar/include/cedar/GuiRenderer.h">
			<Option target="cedar"/>
		</Unit>
		<Unit filename="/media/Daten/Dokumente/Projekte/TalesOfCatventure/cedar/include/cedar/Input.h">
			<Option target="cedar"/>
		</Unit>
		<Unit filename="/media/Daten/Dokumente/Projekte/TalesOfCatventure/cedar/include/cedar/InputHandler.h">
			<Option target="cedar"/>
		</Unit>
		<Unit filename="/media/Daten/Dokumente/Projekte/TalesOfCatventure/cedar/include/cedar/Logger.h">
			<Option target="cedar"/>
		</Unit>
		<Unit filename="/media/Daten/Dokumente/Projekte/TalesOfCatventure/cedar/include/cedar/LoggerFactory.h">
			<Option target="cedar"/>
		</Unit>
		<Unit filename="/media/Daten/Dokumente/Projekte/TalesOfCatventure/cedar/include/cedar/Math.h">
			<Option target="cedar"/>
		</Unit>
		<Unit filename="/media/Daten/Dokumente/Projekte/TalesOfCatventure/cedar/include/cedar/Matrix4f.h">
			<Option target="cedar"/>
		</Unit>
		<Unit filename="/media/Daten/Dokumente/Projekte/TalesOfCatventure/cedar/include/cedar/Model.h">
			<Option target="cedar"/>
		</Unit>
		<Unit filename="/media/Daten/Dokumente/Projekte/TalesOfCatventure/cedar/include/cedar/ModelRegistry.h">
			<Option target="cedar"/>
		</Unit>
		<Unit filename="/media/Daten/Dokumente/Projekte/TalesOfCatventure/cedar/include/cedar/OpenSimplexNoise.h">
			<Option target="cedar"/>
		</Unit>
		<Unit filename="/media/Daten/Dokumente/Projekte/TalesOfCatventure/cedar/include/cedar/Quaternionf.h">
			<Option target="cedar"/>
		</Unit>
		<Unit filename="/media/Daten/Dokumente/Projekte/TalesOfCatventure/cedar/include/cedar/QueueLogAppender.h">
			<Option target="cedar"/>
		</Unit>
		<Unit filename="/media/Daten/Dokumente/Projekte/TalesOfCatventure/cedar/include/cedar/ShaderProgram.h">
			<Option target="cedar"/>
		</Unit>
		<Unit filename="/media/Daten/Dokumente/Projekte/TalesOfCatventure/cedar/include/cedar/Texture.h">
			<Option target="cedar"/>
		</Unit>
		<Unit filename="/media/Daten/Dokumente/Projekte/TalesOfCatventure/cedar/include/cedar/Texture2D.h">
			<Option target="cedar"/>
		</Unit>
		<Unit filename="/media/Daten/Dokumente/Projekte/TalesOfCatventure/cedar/include/cedar/Thread.h">
			<Option target="cedar"/>
		</Unit>
		<Unit filename="/media/Daten/Dokumente/Projekte/TalesOfCatventure/cedar/include/cedar/Vector2d.h">
			<Option target="cedar"/>
		</Unit>
		<Unit filename="/media/Daten/Dokumente/Projekte/TalesOfCatventure/cedar/include/cedar/Vector2f.h">
			<Option target="cedar"/>
		</Unit>
		<Unit filename="/media/Daten/Dokumente/Projekte/TalesOfCatventure/cedar/include/cedar/Vector2i.h">
			<Option target="cedar"/>
		</Unit>
		<Unit filename="/media/Daten/Dokumente/Projekte/TalesOfCatventure/cedar/include/cedar/Vector2ui.h">
			<Option target="cedar"/>
		</Unit>
		<Unit filename="/media/Daten/Dokumente/Projekte/TalesOfCatventure/cedar/include/cedar/Vector3d.h">
			<Option target="cedar"/>
		</Unit>
		<Unit filename="/media/Daten/Dokumente/Projekte/TalesOfCatventure/cedar/include/cedar/Vector3f.h">
			<Option target="cedar"/>
		</Unit>
		<Unit filename="/media/Daten/Dokumente/Projekte/TalesOfCatventure/cedar/include/cedar/Vector3i.h">
			<Option target="cedar"/>
		</Unit>
		<Unit filename="/media/Daten/Dokumente/Projekte/TalesOfCatventure/cedar/include/cedar/Vector3ui.h">
			<Option target="cedar"/>
		</Unit>
		<Unit filename="/media/Daten/Dokumente/Projekte/TalesOfCatventure/cedar/include/cedar/Vector4d.h">
			<Option target="cedar"/>
		</Unit>
		<Unit filename="/media/Daten/Dokumente/Projekte/TalesOfCatventure/cedar/include/cedar/Vector4f.h">
			<Option target="cedar"/>
		</Unit>
		<Unit filename="/media/Daten/Dokumente/Projekte/TalesOfCatventure/cedar/include/cedar/Vector4i.h">
			<Option target="cedar"/>
		</Unit>
		<Unit filename="/media/Daten/Dokumente/Projekte/TalesOfCatventure/cedar/include/cedar/Vector4ui.h">
			<Option target="cedar"/>
		</Unit>
		<Unit filename="/media/Daten/Dokumente/Projekte/TalesOfCatventure/cedar/include/cedar/Window.h">
			<Option target="cedar"/>
		</Unit>
		<Unit filename="/media/Daten/Dokumente/Projekte/TalesOfCatventure/cedar/include/cedar/XException.h">
			<Option target="cedar"/>
		</Unit>
		<Unit filename="/media/Daten/Dokumente/Projekte/TalesOfCatventure/cedar/src/core/Cedar.cpp">
			<Option target="cedar"/>
		</Unit>
		<Unit filename="/media/Daten/Dokumente/Projekte/TalesOfCatventure/cedar/src/core/XException.cpp">
			<Option target="cedar"/>
		</Unit>
		<Unit filename="/media/Daten/Dokumente/Projekte/TalesOfCatventure/cedar/src/graphics/font/Font.cpp">
			<Option target="cedar"/>
		</Unit>
		<Unit filename="/media/Daten/Dokumente/Projekte/TalesOfCatventure/cedar/src/graphics/font/FontRegistry.cpp">
			<Option target="cedar"/>
		</Unit>
		<Unit filename="/media/Daten/Dokumente/Projekte/TalesOfCatventure/cedar/src/graphics/font/Glyph.cpp">
			<Option target="cedar"/>
		</Unit>
		<Unit filename="/media/Daten/Dokumente/Projekte/TalesOfCatventure/cedar/src/graphics/font/GlyphData.cpp">
			<Option target="cedar"/>
		</Unit>
		<Unit filename="/media/Daten/Dokumente/Projekte/TalesOfCatventure/cedar/src/graphics/model/Model.cpp">
			<Option target="cedar"/>
		</Unit>
		<Unit filename="/media/Daten/Dokumente/Projekte/TalesOfCatventure/cedar/src/graphics/model/ModelRegistry.cpp">
			<Option target="cedar"/>
		</Unit>
		<Unit filename="/media/Daten/Dokumente/Projekte/TalesOfCatventure/cedar/src/graphics/renderer/GuiRenderer.cpp">
			<Option target="cedar"/>
		</Unit>
		<Unit filename="/media/Daten/Dokumente/Projekte/TalesOfCatventure/cedar/src/graphics/shader/ShaderProgram.cpp">
			<Option target="cedar"/>
		</Unit>
		<Unit filename="/media/Daten/Dokumente/Projekte/TalesOfCatventure/cedar/src/graphics/texture/Texture.cpp">
			<Option target="cedar"/>
		</Unit>
		<Unit filename="/media/Daten/Dokumente/Projekte/TalesOfCatventure/cedar/src/graphics/texture/Texture2D.cpp">
			<Option target="cedar"/>
		</Unit>
		<Unit filename="/media/Daten/Dokumente/Projekte/TalesOfCatventure/cedar/src/graphics/window/Window.cpp">
			<Option target="cedar"/>
		</Unit>
		<Unit filename="/media/Daten/Dokumente/Projekte/TalesOfCatventure/cedar/src/input/InputHandler.cpp">
			<Option target="cedar"/>
		</Unit>
		<Unit filename="/media/Daten/Dokumente/Projekte/TalesOfCatventure/cedar/src/logging/Logger.cpp">
			<Option target="cedar"/>
		</Unit>
		<Unit filename="/media/Daten/Dokumente/Projekte/TalesOfCatventure/cedar/src/logging/LoggerFactory.cpp">
			<Option target="cedar"/>
		</Unit>
		<Unit filename="/media/Daten/Dokumente/Projekte/TalesOfCatventure/cedar/src/logging/QueueLogAppender.cpp">
			<Option target="cedar"/>
		</Unit>
		<Unit filename="/media/Daten/Dokumente/Projekte/TalesOfCatventure/cedar/src/math/Matrix4f.cpp">
			<Option target="cedar"/>
		</Unit>
		<Unit filename="/media/Daten/Dokumente/Projekte/TalesOfCatventure/cedar/src/math/OpenSimplexNoise.cpp">
			<Option target="cedar"/>
		</Unit>
		<Unit filename="/media/Daten/Dokumente/Projekte/TalesOfCatventure/cedar/src/math/Quaternionf.cpp">
			<Option target="cedar"/>
		</Unit>
		<Unit filename="/media/Daten/Dokumente/Projekte/TalesOfCatventure/cedar/src/math/Vector2d.cpp">
			<Option target="cedar"/>
		</Unit>
		<Unit filename="/media/Daten/Dokumente/Projekte/TalesOfCatventure/cedar/src/math/Vector2f.cpp">
			<Option target="cedar"/>
		</Unit>
		<Unit filename="/media/Daten/Dokumente/Projekte/TalesOfCatventure/cedar/src/math/Vector2i.cpp">
			<Option target="cedar"/>
		</Unit>
		<Unit filename="/media/Daten/Dokumente/Projekte/TalesOfCatventure/cedar/src/math/Vector2ui.cpp">
			<Option target="cedar"/>
		</Unit>
		<Unit filename="/media/Daten/Dokumente/Projekte/TalesOfCatventure/cedar/src/math/Vector3f.cpp">
			<Option target="cedar"/>
		</Unit>
		<Unit filename="/media/Daten/Dokumente/Projekte/TalesOfCatventure/cedar/src/math/Vector4f.cpp">
			<Option target="cedar"/>
		</Unit>
		<Unit filename="/media/Daten/Dokumente/Projekte/TalesOfCatventure/cedar/src/math/Vector4ui.cpp">
			<Option target="cedar"/>
		</Unit>
		<Unit filename="/media/Daten/Dokumente/Projekte/TalesOfCatventure/cedar/src/multithreading/Thread.cpp">
			<Option target="cedar"/>
		</Unit>
		<Unit filename="/media/Daten/Dokumente/Projekte/TalesOfCatventure/cedar/stb/include/stb_image_write.h">
			<Option target="cedar"/>
		</Unit>
		<Unit filename="/media/Daten/Dokumente/Projekte/TalesOfCatventure/CMakeLists.txt">
			<Option virtualFolder="CMake Files\"/>
		</Unit>
		<Unit filename="/media/Daten/Dokumente/Projekte/TalesOfCatventure/cedar/CMakeLists.txt">
			<Option virtualFolder="CMake Files\cedar\"/>
		</Unit>
		<Unit filename="/media/Daten/Dokumente/Projekte/TalesOfCatventure/cedar/glfw/CMakeLists.txt">
			<Option virtualFolder="CMake Files\cedar\glfw\"/>
		</Unit>
		<Unit filename="/media/Daten/Dokumente/Projekte/TalesOfCatventure/cedar/glfw/src/CMakeLists.txt">
			<Option virtualFolder="CMake Files\cedar\glfw\src\"/>
		</Unit>
		<Unit filename="/media/Daten/Dokumente/Projekte/TalesOfCatventure/cedar/glfw/src/glfw3.pc.in">
			<Option virtualFolder="CMake Files\cedar\glfw\src\"/>
		</Unit>
		<Unit filename="/media/Daten/Dokumente/Projekte/TalesOfCatventure/cedar/glfw/src/glfw3Config.cmake.in">
			<Option virtualFolder="CMake Files\cedar\glfw\src\"/>
		</Unit>
		<Unit filename="/media/Daten/Dokumente/Projekte/TalesOfCatventure/cedar/glfw/src/glfw_config.h.in">
			<Option virtualFolder="CMake Files\cedar\glfw\src\"/>
		</Unit>
		<Unit filename="/media/Daten/Dokumente/Projekte/TalesOfCatventure/cedar/glfw/CMake/cmake_uninstall.cmake.in">
			<Option virtualFolder="CMake Files\cedar\glfw\CMake\"/>
		</Unit>
	</Project>
</CodeBlocks_project_file>
